
Microsoft Visual Studio Solution File, Format Version 12.00
# Visual Studio Version 16
VisualStudioVersion = 16.0.31424.327
MinimumVisualStudioVersion = 10.0.40219.1
Project("{FAE04EC0-301F-11D3-BF4B-00C04F79EFBC}") = "BlazorChat.Server", "BlazorChat\Server\BlazorChat.Server.csproj", "{A630B15D-2A20-470C-8F4D-212B05E76F71}"
EndProject
Project("{FAE04EC0-301F-11D3-BF4B-00C04F79EFBC}") = "BlazorChat.Client", "BlazorChat\Client\BlazorChat.Client.csproj", "{99A4C22D-B88D-4E06-A1EF-7445E4461690}"
EndProject
Project("{FAE04EC0-301F-11D3-BF4B-00C04F79EFBC}") = "BlazorChat.Shared", "BlazorChat\Shared\BlazorChat.Shared.csproj", "{A1D64AF7-6FD0-49ED-A1BD-23CF35E7DF88}"
EndProject
Global
	GlobalSection(SolutionConfigurationPlatforms) = preSolution
		Debug|Any CPU = Debug|Any CPU
		Release|Any CPU = Release|Any CPU
	EndGlobalSection
	GlobalSection(ProjectConfigurationPlatforms) = postSolution
		{A630B15D-2A20-470C-8F4D-212B05E76F71}.Debug|Any CPU.ActiveCfg = Debug|Any CPU
		{A630B15D-2A20-470C-8F4D-212B05E76F71}.Debug|Any CPU.Build.0 = Debug|Any CPU
		{A630B15D-2A20-470C-8F4D-212B05E76F71}.Release|Any CPU.ActiveCfg = Release|Any CPU
		{A630B15D-2A20-470C-8F4D-212B05E76F71}.Release|Any CPU.Build.0 = Release|Any CPU
		{99A4C22D-B88D-4E06-A1EF-7445E4461690}.Debug|Any CPU.ActiveCfg = Debug|Any CPU
		{99A4C22D-B88D-4E06-A1EF-7445E4461690}.Debug|Any CPU.Build.0 = Debug|Any CPU
		{99A4C22D-B88D-4E06-A1EF-7445E4461690}.Release|Any CPU.ActiveCfg = Release|Any CPU
		{99A4C22D-B88D-4E06-A1EF-7445E4461690}.Release|Any CPU.Build.0 = Release|Any CPU
		{A1D64AF7-6FD0-49ED-A1BD-23CF35E7DF88}.Debug|Any CPU.ActiveCfg = Debug|Any CPU
		{A1D64AF7-6FD0-49ED-A1BD-23CF35E7DF88}.Debug|Any CPU.Build.0 = Debug|Any CPU
		{A1D64AF7-6FD0-49ED-A1BD-23CF35E7DF88}.Release|Any CPU.ActiveCfg = Release|Any CPU
		{A1D64AF7-6FD0-49ED-A1BD-23CF35E7DF88}.Release|Any CPU.Build.0 = Release|Any CPU
	EndGlobalSection
	GlobalSection(SolutionProperties) = preSolution
		HideSolutionNode = FALSE
	EndGlobalSection
	GlobalSection(ExtensibilityGlobals) = postSolution
		SolutionGuid = {E70206DA-C477-4944-8D96-D400312216E6}
	EndGlobalSection
EndGlobal
